
Microsoft Visual Studio Solution File, Format Version 12.00
# Visual Studio 15
VisualStudioVersion = 15.0.27703.1
MinimumVisualStudioVersion = 10.0.40219.1
Project("{FAE04EC0-301F-11D3-BF4B-00C04F79EFBC}") = "Sales.Android", "Sales\Sales.Android\Sales.Android.csproj", "{5F3A6037-1E85-417F-8CE2-D3690CF9670B}"
EndProject
Project("{FAE04EC0-301F-11D3-BF4B-00C04F79EFBC}") = "Sales.iOS", "Sales\Sales.iOS\Sales.iOS.csproj", "{C272A226-197E-49CF-B06B-898B5A947D36}"
EndProject
Project("{FAE04EC0-301F-11D3-BF4B-00C04F79EFBC}") = "Sales.UWP", "Sales\Sales.UWP\Sales.UWP.csproj", "{4AB408A1-B319-4058-B115-276197151500}"
EndProject
Project("{D954291E-2A0B-460D-934E-DC6B0785DB48}") = "Sales", "Sales\Sales\Sales.shproj", "{0326E2B2-19B0-4042-9FBF-4D03C3938D6F}"
EndProject
Project("{FAE04EC0-301F-11D3-BF4B-00C04F79EFBC}") = "Sales.Backend", "Slaes.Backend\Sales.Backend.csproj", "{D0CCF615-44D6-4C75-8503-CCFDC111DCBD}"
EndProject
Project("{FAE04EC0-301F-11D3-BF4B-00C04F79EFBC}") = "Sales.Api", "Sales.Api\Sales.Api.csproj", "{1D565DEB-6888-45D9-9AB1-F5B42863DEF5}"
EndProject
Project("{FAE04EC0-301F-11D3-BF4B-00C04F79EFBC}") = "Sales.Domin", "Sales.Domin\Sales.Domin.csproj", "{236E8C1E-7C46-4FEB-B108-F59096846BBF}"
EndProject
Project("{FAE04EC0-301F-11D3-BF4B-00C04F79EFBC}") = "Sales.Common", "sales.Common\Sales.Common.csproj", "{92A40448-8232-4748-BDD0-3F2425489859}"
EndProject
Global
	GlobalSection(SharedMSBuildProjectFiles) = preSolution
		Sales\Sales\Sales.projitems*{0326e2b2-19b0-4042-9fbf-4d03c3938d6f}*SharedItemsImports = 13
		Sales\Sales\Sales.projitems*{4ab408a1-b319-4058-b115-276197151500}*SharedItemsImports = 4
		Sales\Sales\Sales.projitems*{5f3a6037-1e85-417f-8ce2-d3690cf9670b}*SharedItemsImports = 4
		Sales\Sales\Sales.projitems*{c272a226-197e-49cf-b06b-898b5a947d36}*SharedItemsImports = 4
	EndGlobalSection
	GlobalSection(SolutionConfigurationPlatforms) = preSolution
		Ad-Hoc|Any CPU = Ad-Hoc|Any CPU
		Ad-Hoc|ARM = Ad-Hoc|ARM
		Ad-Hoc|iPhone = Ad-Hoc|iPhone
		Ad-Hoc|iPhoneSimulator = Ad-Hoc|iPhoneSimulator
		Ad-Hoc|x64 = Ad-Hoc|x64
		Ad-Hoc|x86 = Ad-Hoc|x86
		AppStore|Any CPU = AppStore|Any CPU
		AppStore|ARM = AppStore|ARM
		AppStore|iPhone = AppStore|iPhone
		AppStore|iPhoneSimulator = AppStore|iPhoneSimulator
		AppStore|x64 = AppStore|x64
		AppStore|x86 = AppStore|x86
		Debug|Any CPU = Debug|Any CPU
		Debug|ARM = Debug|ARM
		Debug|iPhone = Debug|iPhone
		Debug|iPhoneSimulator = Debug|iPhoneSimulator
		Debug|x64 = Debug|x64
		Debug|x86 = Debug|x86
		Release|Any CPU = Release|Any CPU
		Release|ARM = Release|ARM
		Release|iPhone = Release|iPhone
		Release|iPhoneSimulator = Release|iPhoneSimulator
		Release|x64 = Release|x64
		Release|x86 = Release|x86
	EndGlobalSection
	GlobalSection(ProjectConfigurationPlatforms) = postSolution
		{5F3A6037-1E85-417F-8CE2-D3690CF9670B}.Ad-Hoc|Any CPU.ActiveCfg = Release|Any CPU
		{5F3A6037-1E85-417F-8CE2-D3690CF9670B}.Ad-Hoc|Any CPU.Build.0 = Release|Any CPU
		{5F3A6037-1E85-417F-8CE2-D3690CF9670B}.Ad-Hoc|Any CPU.Deploy.0 = Release|Any CPU
		{5F3A6037-1E85-417F-8CE2-D3690CF9670B}.Ad-Hoc|ARM.ActiveCfg = Release|Any CPU
		{5F3A6037-1E85-417F-8CE2-D3690CF9670B}.Ad-Hoc|ARM.Build.0 = Release|Any CPU
		{5F3A6037-1E85-417F-8CE2-D3690CF9670B}.Ad-Hoc|ARM.Deploy.0 = Release|Any CPU
		{5F3A6037-1E85-417F-8CE2-D3690CF9670B}.Ad-Hoc|iPhone.ActiveCfg = Release|Any CPU
		{5F3A6037-1E85-417F-8CE2-D3690CF9670B}.Ad-Hoc|iPhone.Build.0 = Release|Any CPU
		{5F3A6037-1E85-417F-8CE2-D3690CF9670B}.Ad-Hoc|iPhone.Deploy.0 = Release|Any CPU
		{5F3A6037-1E85-417F-8CE2-D3690CF9670B}.Ad-Hoc|iPhoneSimulator.ActiveCfg = Release|Any CPU
		{5F3A6037-1E85-417F-8CE2-D3690CF9670B}.Ad-Hoc|iPhoneSimulator.Build.0 = Release|Any CPU
		{5F3A6037-1E85-417F-8CE2-D3690CF9670B}.Ad-Hoc|iPhoneSimulator.Deploy.0 = Release|Any CPU
		{5F3A6037-1E85-417F-8CE2-D3690CF9670B}.Ad-Hoc|x64.ActiveCfg = Release|Any CPU
		{5F3A6037-1E85-417F-8CE2-D3690CF9670B}.Ad-Hoc|x64.Build.0 = Release|Any CPU
		{5F3A6037-1E85-417F-8CE2-D3690CF9670B}.Ad-Hoc|x64.Deploy.0 = Release|Any CPU
		{5F3A6037-1E85-417F-8CE2-D3690CF9670B}.Ad-Hoc|x86.ActiveCfg = Release|Any CPU
		{5F3A6037-1E85-417F-8CE2-D3690CF9670B}.Ad-Hoc|x86.Build.0 = Release|Any CPU
		{5F3A6037-1E85-417F-8CE2-D3690CF9670B}.Ad-Hoc|x86.Deploy.0 = Release|Any CPU
		{5F3A6037-1E85-417F-8CE2-D3690CF9670B}.AppStore|Any CPU.ActiveCfg = Release|Any CPU
		{5F3A6037-1E85-417F-8CE2-D3690CF9670B}.AppStore|Any CPU.Build.0 = Release|Any CPU
		{5F3A6037-1E85-417F-8CE2-D3690CF9670B}.AppStore|Any CPU.Deploy.0 = Release|Any CPU
		{5F3A6037-1E85-417F-8CE2-D3690CF9670B}.AppStore|ARM.ActiveCfg = Release|Any CPU
		{5F3A6037-1E85-417F-8CE2-D3690CF9670B}.AppStore|ARM.Build.0 = Release|Any CPU
		{5F3A6037-1E85-417F-8CE2-D3690CF9670B}.AppStore|ARM.Deploy.0 = Release|Any CPU
		{5F3A6037-1E85-417F-8CE2-D3690CF9670B}.AppStore|iPhone.ActiveCfg = Release|Any CPU
		{5F3A6037-1E85-417F-8CE2-D3690CF9670B}.AppStore|iPhone.Build.0 = Release|Any CPU
		{5F3A6037-1E85-417F-8CE2-D3690CF9670B}.AppStore|iPhone.Deploy.0 = Release|Any CPU
		{5F3A6037-1E85-417F-8CE2-D3690CF9670B}.AppStore|iPhoneSimulator.ActiveCfg = Release|Any CPU
		{5F3A6037-1E85-417F-8CE2-D3690CF9670B}.AppStore|iPhoneSimulator.Build.0 = Release|Any CPU
		{5F3A6037-1E85-417F-8CE2-D3690CF9670B}.AppStore|iPhoneSimulator.Deploy.0 = Release|Any CPU
		{5F3A6037-1E85-417F-8CE2-D3690CF9670B}.AppStore|x64.ActiveCfg = Release|Any CPU
		{5F3A6037-1E85-417F-8CE2-D3690CF9670B}.AppStore|x64.Build.0 = Release|Any CPU
		{5F3A6037-1E85-417F-8CE2-D3690CF9670B}.AppStore|x64.Deploy.0 = Release|Any CPU
		{5F3A6037-1E85-417F-8CE2-D3690CF9670B}.AppStore|x86.ActiveCfg = Release|Any CPU
		{5F3A6037-1E85-417F-8CE2-D3690CF9670B}.AppStore|x86.Build.0 = Release|Any CPU
		{5F3A6037-1E85-417F-8CE2-D3690CF9670B}.AppStore|x86.Deploy.0 = Release|Any CPU
		{5F3A6037-1E85-417F-8CE2-D3690CF9670B}.Debug|Any CPU.ActiveCfg = Debug|Any CPU
		{5F3A6037-1E85-417F-8CE2-D3690CF9670B}.Debug|Any CPU.Build.0 = Debug|Any CPU
		{5F3A6037-1E85-417F-8CE2-D3690CF9670B}.Debug|Any CPU.Deploy.0 = Debug|Any CPU
		{5F3A6037-1E85-417F-8CE2-D3690CF9670B}.Debug|ARM.ActiveCfg = Debug|Any CPU
		{5F3A6037-1E85-417F-8CE2-D3690CF9670B}.Debug|ARM.Build.0 = Debug|Any CPU
		{5F3A6037-1E85-417F-8CE2-D3690CF9670B}.Debug|ARM.Deploy.0 = Debug|Any CPU
		{5F3A6037-1E85-417F-8CE2-D3690CF9670B}.Debug|iPhone.ActiveCfg = Debug|Any CPU
		{5F3A6037-1E85-417F-8CE2-D3690CF9670B}.Debug|iPhone.Build.0 = Debug|Any CPU
		{5F3A6037-1E85-417F-8CE2-D3690CF9670B}.Debug|iPhone.Deploy.0 = Debug|Any CPU
		{5F3A6037-1E85-417F-8CE2-D3690CF9670B}.Debug|iPhoneSimulator.ActiveCfg = Debug|Any CPU
		{5F3A6037-1E85-417F-8CE2-D3690CF9670B}.Debug|iPhoneSimulator.Build.0 = Debug|Any CPU
		{5F3A6037-1E85-417F-8CE2-D3690CF9670B}.Debug|iPhoneSimulator.Deploy.0 = Debug|Any CPU
		{5F3A6037-1E85-417F-8CE2-D3690CF9670B}.Debug|x64.ActiveCfg = Debug|Any CPU
		{5F3A6037-1E85-417F-8CE2-D3690CF9670B}.Debug|x64.Build.0 = Debug|Any CPU
		{5F3A6037-1E85-417F-8CE2-D3690CF9670B}.Debug|x64.Deploy.0 = Debug|Any CPU
		{5F3A6037-1E85-417F-8CE2-D3690CF9670B}.Debug|x86.ActiveCfg = Debug|Any CPU
		{5F3A6037-1E85-417F-8CE2-D3690CF9670B}.Debug|x86.Build.0 = Debug|Any CPU
		{5F3A6037-1E85-417F-8CE2-D3690CF9670B}.Debug|x86.Deploy.0 = Debug|Any CPU
		{5F3A6037-1E85-417F-8CE2-D3690CF9670B}.Release|Any CPU.ActiveCfg = Release|Any CPU
		{5F3A6037-1E85-417F-8CE2-D3690CF9670B}.Release|Any CPU.Build.0 = Release|Any CPU
		{5F3A6037-1E85-417F-8CE2-D3690CF9670B}.Release|Any CPU.Deploy.0 = Release|Any CPU
		{5F3A6037-1E85-417F-8CE2-D3690CF9670B}.Release|ARM.ActiveCfg = Release|Any CPU
		{5F3A6037-1E85-417F-8CE2-D3690CF9670B}.Release|ARM.Build.0 = Release|Any CPU
		{5F3A6037-1E85-417F-8CE2-D3690CF9670B}.Release|ARM.Deploy.0 = Release|Any CPU
		{5F3A6037-1E85-417F-8CE2-D3690CF9670B}.Release|iPhone.ActiveCfg = Release|Any CPU
		{5F3A6037-1E85-417F-8CE2-D3690CF9670B}.Release|iPhone.Build.0 = Release|Any CPU
		{5F3A6037-1E85-417F-8CE2-D3690CF9670B}.Release|iPhone.Deploy.0 = Release|Any CPU
		{5F3A6037-1E85-417F-8CE2-D3690CF9670B}.Release|iPhoneSimulator.ActiveCfg = Release|Any CPU
		{5F3A6037-1E85-417F-8CE2-D3690CF9670B}.Release|iPhoneSimulator.Build.0 = Release|Any CPU
		{5F3A6037-1E85-417F-8CE2-D3690CF9670B}.Release|iPhoneSimulator.Deploy.0 = Release|Any CPU
		{5F3A6037-1E85-417F-8CE2-D3690CF9670B}.Release|x64.ActiveCfg = Release|Any CPU
		{5F3A6037-1E85-417F-8CE2-D3690CF9670B}.Release|x64.Build.0 = Release|Any CPU
		{5F3A6037-1E85-417F-8CE2-D3690CF9670B}.Release|x64.Deploy.0 = Release|Any CPU
		{5F3A6037-1E85-417F-8CE2-D3690CF9670B}.Release|x86.ActiveCfg = Release|Any CPU
		{5F3A6037-1E85-417F-8CE2-D3690CF9670B}.Release|x86.Build.0 = Release|Any CPU
		{5F3A6037-1E85-417F-8CE2-D3690CF9670B}.Release|x86.Deploy.0 = Release|Any CPU
		{C272A226-197E-49CF-B06B-898B5A947D36}.Ad-Hoc|Any CPU.ActiveCfg = Ad-Hoc|iPhone
		{C272A226-197E-49CF-B06B-898B5A947D36}.Ad-Hoc|Any CPU.Build.0 = Ad-Hoc|iPhone
		{C272A226-197E-49CF-B06B-898B5A947D36}.Ad-Hoc|Any CPU.Deploy.0 = Ad-Hoc|iPhone
		{C272A226-197E-49CF-B06B-898B5A947D36}.Ad-Hoc|ARM.ActiveCfg = Ad-Hoc|iPhone
		{C272A226-197E-49CF-B06B-898B5A947D36}.Ad-Hoc|ARM.Build.0 = Ad-Hoc|iPhone
		{C272A226-197E-49CF-B06B-898B5A947D36}.Ad-Hoc|ARM.Deploy.0 = Ad-Hoc|iPhone
		{C272A226-197E-49CF-B06B-898B5A947D36}.Ad-Hoc|iPhone.ActiveCfg = Ad-Hoc|iPhone
		{C272A226-197E-49CF-B06B-898B5A947D36}.Ad-Hoc|iPhone.Build.0 = Ad-Hoc|iPhone
		{C272A226-197E-49CF-B06B-898B5A947D36}.Ad-Hoc|iPhone.Deploy.0 = Ad-Hoc|iPhone
		{C272A226-197E-49CF-B06B-898B5A947D36}.Ad-Hoc|iPhoneSimulator.ActiveCfg = Ad-Hoc|iPhoneSimulator
		{C272A226-197E-49CF-B06B-898B5A947D36}.Ad-Hoc|iPhoneSimulator.Build.0 = Ad-Hoc|iPhoneSimulator
		{C272A226-197E-49CF-B06B-898B5A947D36}.Ad-Hoc|iPhoneSimulator.Deploy.0 = Ad-Hoc|iPhoneSimulator
		{C272A226-197E-49CF-B06B-898B5A947D36}.Ad-Hoc|x64.ActiveCfg = Ad-Hoc|iPhone
		{C272A226-197E-49CF-B06B-898B5A947D36}.Ad-Hoc|x64.Build.0 = Ad-Hoc|iPhone
		{C272A226-197E-49CF-B06B-898B5A947D36}.Ad-Hoc|x64.Deploy.0 = Ad-Hoc|iPhone
		{C272A226-197E-49CF-B06B-898B5A947D36}.Ad-Hoc|x86.ActiveCfg = Ad-Hoc|iPhone
		{C272A226-197E-49CF-B06B-898B5A947D36}.Ad-Hoc|x86.Build.0 = Ad-Hoc|iPhone
		{C272A226-197E-49CF-B06B-898B5A947D36}.Ad-Hoc|x86.Deploy.0 = Ad-Hoc|iPhone
		{C272A226-197E-49CF-B06B-898B5A947D36}.AppStore|Any CPU.ActiveCfg = AppStore|iPhone
		{C272A226-197E-49CF-B06B-898B5A947D36}.AppStore|Any CPU.Build.0 = AppStore|iPhone
		{C272A226-197E-49CF-B06B-898B5A947D36}.AppStore|Any CPU.Deploy.0 = AppStore|iPhone
		{C272A226-197E-49CF-B06B-898B5A947D36}.AppStore|ARM.ActiveCfg = AppStore|iPhone
		{C272A226-197E-49CF-B06B-898B5A947D36}.AppStore|ARM.Build.0 = AppStore|iPhone
		{C272A226-197E-49CF-B06B-898B5A947D36}.AppStore|ARM.Deploy.0 = AppStore|iPhone
		{C272A226-197E-49CF-B06B-898B5A947D36}.AppStore|iPhone.ActiveCfg = AppStore|iPhone
		{C272A226-197E-49CF-B06B-898B5A947D36}.AppStore|iPhone.Build.0 = AppStore|iPhone
		{C272A226-197E-49CF-B06B-898B5A947D36}.AppStore|iPhone.Deploy.0 = AppStore|iPhone
		{C272A226-197E-49CF-B06B-898B5A947D36}.AppStore|iPhoneSimulator.ActiveCfg = AppStore|iPhoneSimulator
		{C272A226-197E-49CF-B06B-898B5A947D36}.AppStore|iPhoneSimulator.Build.0 = AppStore|iPhoneSimulator
		{C272A226-197E-49CF-B06B-898B5A947D36}.AppStore|iPhoneSimulator.Deploy.0 = AppStore|iPhoneSimulator
		{C272A226-197E-49CF-B06B-898B5A947D36}.AppStore|x64.ActiveCfg = AppStore|iPhone
		{C272A226-197E-49CF-B06B-898B5A947D36}.AppStore|x64.Build.0 = AppStore|iPhone
		{C272A226-197E-49CF-B06B-898B5A947D36}.AppStore|x64.Deploy.0 = AppStore|iPhone
		{C272A226-197E-49CF-B06B-898B5A947D36}.AppStore|x86.ActiveCfg = AppStore|iPhone
		{C272A226-197E-49CF-B06B-898B5A947D36}.AppStore|x86.Build.0 = AppStore|iPhone
		{C272A226-197E-49CF-B06B-898B5A947D36}.AppStore|x86.Deploy.0 = AppStore|iPhone
		{C272A226-197E-49CF-B06B-898B5A947D36}.Debug|Any CPU.ActiveCfg = Debug|iPhoneSimulator
		{C272A226-197E-49CF-B06B-898B5A947D36}.Debug|Any CPU.Build.0 = Debug|iPhoneSimulator
		{C272A226-197E-49CF-B06B-898B5A947D36}.Debug|Any CPU.Deploy.0 = Debug|iPhoneSimulator
		{C272A226-197E-49CF-B06B-898B5A947D36}.Debug|ARM.ActiveCfg = Debug|iPhone
		{C272A226-197E-49CF-B06B-898B5A947D36}.Debug|ARM.Build.0 = Debug|iPhone
		{C272A226-197E-49CF-B06B-898B5A947D36}.Debug|ARM.Deploy.0 = Debug|iPhone
		{C272A226-197E-49CF-B06B-898B5A947D36}.Debug|iPhone.ActiveCfg = Debug|iPhone
		{C272A226-197E-49CF-B06B-898B5A947D36}.Debug|iPhone.Build.0 = Debug|iPhone
		{C272A226-197E-49CF-B06B-898B5A947D36}.Debug|iPhone.Deploy.0 = Debug|iPhone
		{C272A226-197E-49CF-B06B-898B5A947D36}.Debug|iPhoneSimulator.ActiveCfg = Debug|iPhoneSimulator
		{C272A226-197E-49CF-B06B-898B5A947D36}.Debug|iPhoneSimulator.Build.0 = Debug|iPhoneSimulator
		{C272A226-197E-49CF-B06B-898B5A947D36}.Debug|iPhoneSimulator.Deploy.0 = Debug|iPhoneSimulator
		{C272A226-197E-49CF-B06B-898B5A947D36}.Debug|x64.ActiveCfg = Debug|iPhone
		{C272A226-197E-49CF-B06B-898B5A947D36}.Debug|x64.Build.0 = Debug|iPhone
		{C272A226-197E-49CF-B06B-898B5A947D36}.Debug|x64.Deploy.0 = Debug|iPhone
		{C272A226-197E-49CF-B06B-898B5A947D36}.Debug|x86.ActiveCfg = Debug|iPhone
		{C272A226-197E-49CF-B06B-898B5A947D36}.Debug|x86.Build.0 = Debug|iPhone
		{C272A226-197E-49CF-B06B-898B5A947D36}.Debug|x86.Deploy.0 = Debug|iPhone
		{C272A226-197E-49CF-B06B-898B5A947D36}.Release|Any CPU.ActiveCfg = Release|iPhone
		{C272A226-197E-49CF-B06B-898B5A947D36}.Release|Any CPU.Build.0 = Release|iPhone
		{C272A226-197E-49CF-B06B-898B5A947D36}.Release|Any CPU.Deploy.0 = Release|iPhone
		{C272A226-197E-49CF-B06B-898B5A947D36}.Release|ARM.ActiveCfg = Release|iPhone
		{C272A226-197E-49CF-B06B-898B5A947D36}.Release|ARM.Build.0 = Release|iPhone
		{C272A226-197E-49CF-B06B-898B5A947D36}.Release|ARM.Deploy.0 = Release|iPhone
		{C272A226-197E-49CF-B06B-898B5A947D36}.Release|iPhone.ActiveCfg = Release|iPhone
		{C272A226-197E-49CF-B06B-898B5A947D36}.Release|iPhone.Build.0 = Release|iPhone
		{C272A226-197E-49CF-B06B-898B5A947D36}.Release|iPhone.Deploy.0 = Release|iPhone
		{C272A226-197E-49CF-B06B-898B5A947D36}.Release|iPhoneSimulator.ActiveCfg = Release|iPhoneSimulator
		{C272A226-197E-49CF-B06B-898B5A947D36}.Release|iPhoneSimulator.Build.0 = Release|iPhoneSimulator
		{C272A226-197E-49CF-B06B-898B5A947D36}.Release|iPhoneSimulator.Deploy.0 = Release|iPhoneSimulator
		{C272A226-197E-49CF-B06B-898B5A947D36}.Release|x64.ActiveCfg = Release|iPhone
		{C272A226-197E-49CF-B06B-898B5A947D36}.Release|x64.Build.0 = Release|iPhone
		{C272A226-197E-49CF-B06B-898B5A947D36}.Release|x64.Deploy.0 = Release|iPhone
		{C272A226-197E-49CF-B06B-898B5A947D36}.Release|x86.ActiveCfg = Release|iPhone
		{C272A226-197E-49CF-B06B-898B5A947D36}.Release|x86.Build.0 = Release|iPhone
		{C272A226-197E-49CF-B06B-898B5A947D36}.Release|x86.Deploy.0 = Release|iPhone
		{4AB408A1-B319-4058-B115-276197151500}.Ad-Hoc|Any CPU.ActiveCfg = Release|x86
		{4AB408A1-B319-4058-B115-276197151500}.Ad-Hoc|Any CPU.Build.0 = Release|x86
		{4AB408A1-B319-4058-B115-276197151500}.Ad-Hoc|Any CPU.Deploy.0 = Release|x86
		{4AB408A1-B319-4058-B115-276197151500}.Ad-Hoc|ARM.ActiveCfg = Release|ARM
		{4AB408A1-B319-4058-B115-276197151500}.Ad-Hoc|ARM.Build.0 = Release|ARM
		{4AB408A1-B319-4058-B115-276197151500}.Ad-Hoc|ARM.Deploy.0 = Release|ARM
		{4AB408A1-B319-4058-B115-276197151500}.Ad-Hoc|iPhone.ActiveCfg = Release|x86
		{4AB408A1-B319-4058-B115-276197151500}.Ad-Hoc|iPhone.Build.0 = Release|x86
		{4AB408A1-B319-4058-B115-276197151500}.Ad-Hoc|iPhone.Deploy.0 = Release|x86
		{4AB408A1-B319-4058-B115-276197151500}.Ad-Hoc|iPhoneSimulator.ActiveCfg = Release|x86
		{4AB408A1-B319-4058-B115-276197151500}.Ad-Hoc|iPhoneSimulator.Build.0 = Release|x86
		{4AB408A1-B319-4058-B115-276197151500}.Ad-Hoc|iPhoneSimulator.Deploy.0 = Release|x86
		{4AB408A1-B319-4058-B115-276197151500}.Ad-Hoc|x64.ActiveCfg = Release|x64
		{4AB408A1-B319-4058-B115-276197151500}.Ad-Hoc|x64.Build.0 = Release|x64
		{4AB408A1-B319-4058-B115-276197151500}.Ad-Hoc|x64.Deploy.0 = Release|x64
		{4AB408A1-B319-4058-B115-276197151500}.Ad-Hoc|x86.ActiveCfg = Release|x86
		{4AB408A1-B319-4058-B115-276197151500}.Ad-Hoc|x86.Build.0 = Release|x86
		{4AB408A1-B319-4058-B115-276197151500}.Ad-Hoc|x86.Deploy.0 = Release|x86
		{4AB408A1-B319-4058-B115-276197151500}.AppStore|Any CPU.ActiveCfg = Release|x86
		{4AB408A1-B319-4058-B115-276197151500}.AppStore|Any CPU.Build.0 = Release|x86
		{4AB408A1-B319-4058-B115-276197151500}.AppStore|Any CPU.Deploy.0 = Release|x86
		{4AB408A1-B319-4058-B115-276197151500}.AppStore|ARM.ActiveCfg = Release|ARM
		{4AB408A1-B319-4058-B115-276197151500}.AppStore|ARM.Build.0 = Release|ARM
		{4AB408A1-B319-4058-B115-276197151500}.AppStore|ARM.Deploy.0 = Release|ARM
		{4AB408A1-B319-4058-B115-276197151500}.AppStore|iPhone.ActiveCfg = Release|x86
		{4AB408A1-B319-4058-B115-276197151500}.AppStore|iPhone.Build.0 = Release|x86
		{4AB408A1-B319-4058-B115-276197151500}.AppStore|iPhone.Deploy.0 = Release|x86
		{4AB408A1-B319-4058-B115-276197151500}.AppStore|iPhoneSimulator.ActiveCfg = Release|x86
		{4AB408A1-B319-4058-B115-276197151500}.AppStore|iPhoneSimulator.Build.0 = Release|x86
		{4AB408A1-B319-4058-B115-276197151500}.AppStore|iPhoneSimulator.Deploy.0 = Release|x86
		{4AB408A1-B319-4058-B115-276197151500}.AppStore|x64.ActiveCfg = Release|x64
		{4AB408A1-B319-4058-B115-276197151500}.AppStore|x64.Build.0 = Release|x64
		{4AB408A1-B319-4058-B115-276197151500}.AppStore|x64.Deploy.0 = Release|x64
		{4AB408A1-B319-4058-B115-276197151500}.AppStore|x86.ActiveCfg = Release|x86
		{4AB408A1-B319-4058-B115-276197151500}.AppStore|x86.Build.0 = Release|x86
		{4AB408A1-B319-4058-B115-276197151500}.AppStore|x86.Deploy.0 = Release|x86
		{4AB408A1-B319-4058-B115-276197151500}.Debug|Any CPU.ActiveCfg = Debug|x86
		{4AB408A1-B319-4058-B115-276197151500}.Debug|Any CPU.Build.0 = Debug|x86
		{4AB408A1-B319-4058-B115-276197151500}.Debug|Any CPU.Deploy.0 = Debug|x86
		{4AB408A1-B319-4058-B115-276197151500}.Debug|ARM.ActiveCfg = Debug|ARM
		{4AB408A1-B319-4058-B115-276197151500}.Debug|ARM.Build.0 = Debug|ARM
		{4AB408A1-B319-4058-B115-276197151500}.Debug|ARM.Deploy.0 = Debug|ARM
		{4AB408A1-B319-4058-B115-276197151500}.Debug|iPhone.ActiveCfg = Debug|x86
		{4AB408A1-B319-4058-B115-276197151500}.Debug|iPhone.Build.0 = Debug|x86
		{4AB408A1-B319-4058-B115-276197151500}.Debug|iPhone.Deploy.0 = Debug|x86
		{4AB408A1-B319-4058-B115-276197151500}.Debug|iPhoneSimulator.ActiveCfg = Debug|x86
		{4AB408A1-B319-4058-B115-276197151500}.Debug|iPhoneSimulator.Build.0 = Debug|x86
		{4AB408A1-B319-4058-B115-276197151500}.Debug|iPhoneSimulator.Deploy.0 = Debug|x86
		{4AB408A1-B319-4058-B115-276197151500}.Debug|x64.ActiveCfg = Debug|x64
		{4AB408A1-B319-4058-B115-276197151500}.Debug|x64.Build.0 = Debug|x64
		{4AB408A1-B319-4058-B115-276197151500}.Debug|x64.Deploy.0 = Debug|x64
		{4AB408A1-B319-4058-B115-276197151500}.Debug|x86.ActiveCfg = Debug|x86
		{4AB408A1-B319-4058-B115-276197151500}.Debug|x86.Build.0 = Debug|x86
		{4AB408A1-B319-4058-B115-276197151500}.Debug|x86.Deploy.0 = Debug|x86
		{4AB408A1-B319-4058-B115-276197151500}.Release|Any CPU.ActiveCfg = Release|x86
		{4AB408A1-B319-4058-B115-276197151500}.Release|Any CPU.Build.0 = Release|x86
		{4AB408A1-B319-4058-B115-276197151500}.Release|Any CPU.Deploy.0 = Release|x86
		{4AB408A1-B319-4058-B115-276197151500}.Release|ARM.ActiveCfg = Release|ARM
		{4AB408A1-B319-4058-B115-276197151500}.Release|ARM.Build.0 = Release|ARM
		{4AB408A1-B319-4058-B115-276197151500}.Release|ARM.Deploy.0 = Release|ARM
		{4AB408A1-B319-4058-B115-276197151500}.Release|iPhone.ActiveCfg = Release|x86
		{4AB408A1-B319-4058-B115-276197151500}.Release|iPhone.Build.0 = Release|x86
		{4AB408A1-B319-4058-B115-276197151500}.Release|iPhone.Deploy.0 = Release|x86
		{4AB408A1-B319-4058-B115-276197151500}.Release|iPhoneSimulator.ActiveCfg = Release|x86
		{4AB408A1-B319-4058-B115-276197151500}.Release|iPhoneSimulator.Build.0 = Release|x86
		{4AB408A1-B319-4058-B115-276197151500}.Release|iPhoneSimulator.Deploy.0 = Release|x86
		{4AB408A1-B319-4058-B115-276197151500}.Release|x64.ActiveCfg = Release|x64
		{4AB408A1-B319-4058-B115-276197151500}.Release|x64.Build.0 = Release|x64
		{4AB408A1-B319-4058-B115-276197151500}.Release|x64.Deploy.0 = Release|x64
		{4AB408A1-B319-4058-B115-276197151500}.Release|x86.ActiveCfg = Release|x86
		{4AB408A1-B319-4058-B115-276197151500}.Release|x86.Build.0 = Release|x86
		{4AB408A1-B319-4058-B115-276197151500}.Release|x86.Deploy.0 = Release|x86
		{D0CCF615-44D6-4C75-8503-CCFDC111DCBD}.Ad-Hoc|Any CPU.ActiveCfg = Release|Any CPU
		{D0CCF615-44D6-4C75-8503-CCFDC111DCBD}.Ad-Hoc|Any CPU.Build.0 = Release|Any CPU
		{D0CCF615-44D6-4C75-8503-CCFDC111DCBD}.Ad-Hoc|ARM.ActiveCfg = Release|Any CPU
		{D0CCF615-44D6-4C75-8503-CCFDC111DCBD}.Ad-Hoc|ARM.Build.0 = Release|Any CPU
		{D0CCF615-44D6-4C75-8503-CCFDC111DCBD}.Ad-Hoc|iPhone.ActiveCfg = Release|Any CPU
		{D0CCF615-44D6-4C75-8503-CCFDC111DCBD}.Ad-Hoc|iPhone.Build.0 = Release|Any CPU
		{D0CCF615-44D6-4C75-8503-CCFDC111DCBD}.Ad-Hoc|iPhoneSimulator.ActiveCfg = Release|Any CPU
		{D0CCF615-44D6-4C75-8503-CCFDC111DCBD}.Ad-Hoc|iPhoneSimulator.Build.0 = Release|Any CPU
		{D0CCF615-44D6-4C75-8503-CCFDC111DCBD}.Ad-Hoc|x64.ActiveCfg = Release|Any CPU
		{D0CCF615-44D6-4C75-8503-CCFDC111DCBD}.Ad-Hoc|x64.Build.0 = Release|Any CPU
		{D0CCF615-44D6-4C75-8503-CCFDC111DCBD}.Ad-Hoc|x86.ActiveCfg = Release|Any CPU
		{D0CCF615-44D6-4C75-8503-CCFDC111DCBD}.Ad-Hoc|x86.Build.0 = Release|Any CPU
		{D0CCF615-44D6-4C75-8503-CCFDC111DCBD}.AppStore|Any CPU.ActiveCfg = Release|Any CPU
		{D0CCF615-44D6-4C75-8503-CCFDC111DCBD}.AppStore|Any CPU.Build.0 = Release|Any CPU
		{D0CCF615-44D6-4C75-8503-CCFDC111DCBD}.AppStore|ARM.ActiveCfg = Release|Any CPU
		{D0CCF615-44D6-4C75-8503-CCFDC111DCBD}.AppStore|ARM.Build.0 = Release|Any CPU
		{D0CCF615-44D6-4C75-8503-CCFDC111DCBD}.AppStore|iPhone.ActiveCfg = Release|Any CPU
		{D0CCF615-44D6-4C75-8503-CCFDC111DCBD}.AppStore|iPhone.Build.0 = Release|Any CPU
		{D0CCF615-44D6-4C75-8503-CCFDC111DCBD}.AppStore|iPhoneSimulator.ActiveCfg = Release|Any CPU
		{D0CCF615-44D6-4C75-8503-CCFDC111DCBD}.AppStore|iPhoneSimulator.Build.0 = Release|Any CPU
		{D0CCF615-44D6-4C75-8503-CCFDC111DCBD}.AppStore|x64.ActiveCfg = Release|Any CPU
		{D0CCF615-44D6-4C75-8503-CCFDC111DCBD}.AppStore|x64.Build.0 = Release|Any CPU
		{D0CCF615-44D6-4C75-8503-CCFDC111DCBD}.AppStore|x86.ActiveCfg = Release|Any CPU
		{D0CCF615-44D6-4C75-8503-CCFDC111DCBD}.AppStore|x86.Build.0 = Release|Any CPU
		{D0CCF615-44D6-4C75-8503-CCFDC111DCBD}.Debug|Any CPU.ActiveCfg = Debug|Any CPU
		{D0CCF615-44D6-4C75-8503-CCFDC111DCBD}.Debug|Any CPU.Build.0 = Debug|Any CPU
		{D0CCF615-44D6-4C75-8503-CCFDC111DCBD}.Debug|ARM.ActiveCfg = Debug|Any CPU
		{D0CCF615-44D6-4C75-8503-CCFDC111DCBD}.Debug|ARM.Build.0 = Debug|Any CPU
		{D0CCF615-44D6-4C75-8503-CCFDC111DCBD}.Debug|iPhone.ActiveCfg = Debug|Any CPU
		{D0CCF615-44D6-4C75-8503-CCFDC111DCBD}.Debug|iPhone.Build.0 = Debug|Any CPU
		{D0CCF615-44D6-4C75-8503-CCFDC111DCBD}.Debug|iPhoneSimulator.ActiveCfg = Debug|Any CPU
		{D0CCF615-44D6-4C75-8503-CCFDC111DCBD}.Debug|iPhoneSimulator.Build.0 = Debug|Any CPU
		{D0CCF615-44D6-4C75-8503-CCFDC111DCBD}.Debug|x64.ActiveCfg = Debug|Any CPU
		{D0CCF615-44D6-4C75-8503-CCFDC111DCBD}.Debug|x64.Build.0 = Debug|Any CPU
		{D0CCF615-44D6-4C75-8503-CCFDC111DCBD}.Debug|x86.ActiveCfg = Debug|Any CPU
		{D0CCF615-44D6-4C75-8503-CCFDC111DCBD}.Debug|x86.Build.0 = Debug|Any CPU
		{D0CCF615-44D6-4C75-8503-CCFDC111DCBD}.Release|Any CPU.ActiveCfg = Release|Any CPU
		{D0CCF615-44D6-4C75-8503-CCFDC111DCBD}.Release|Any CPU.Build.0 = Release|Any CPU
		{D0CCF615-44D6-4C75-8503-CCFDC111DCBD}.Release|ARM.ActiveCfg = Release|Any CPU
		{D0CCF615-44D6-4C75-8503-CCFDC111DCBD}.Release|ARM.Build.0 = Release|Any CPU
		{D0CCF615-44D6-4C75-8503-CCFDC111DCBD}.Release|iPhone.ActiveCfg = Release|Any CPU
		{D0CCF615-44D6-4C75-8503-CCFDC111DCBD}.Release|iPhone.Build.0 = Release|Any CPU
		{D0CCF615-44D6-4C75-8503-CCFDC111DCBD}.Release|iPhoneSimulator.ActiveCfg = Release|Any CPU
		{D0CCF615-44D6-4C75-8503-CCFDC111DCBD}.Release|iPhoneSimulator.Build.0 = Release|Any CPU
		{D0CCF615-44D6-4C75-8503-CCFDC111DCBD}.Release|x64.ActiveCfg = Release|Any CPU
		{D0CCF615-44D6-4C75-8503-CCFDC111DCBD}.Release|x64.Build.0 = Release|Any CPU
		{D0CCF615-44D6-4C75-8503-CCFDC111DCBD}.Release|x86.ActiveCfg = Release|Any CPU
		{D0CCF615-44D6-4C75-8503-CCFDC111DCBD}.Release|x86.Build.0 = Release|Any CPU
		{1D565DEB-6888-45D9-9AB1-F5B42863DEF5}.Ad-Hoc|Any CPU.ActiveCfg = Release|Any CPU
		{1D565DEB-6888-45D9-9AB1-F5B42863DEF5}.Ad-Hoc|Any CPU.Build.0 = Release|Any CPU
		{1D565DEB-6888-45D9-9AB1-F5B42863DEF5}.Ad-Hoc|ARM.ActiveCfg = Release|Any CPU
		{1D565DEB-6888-45D9-9AB1-F5B42863DEF5}.Ad-Hoc|ARM.Build.0 = Release|Any CPU
		{1D565DEB-6888-45D9-9AB1-F5B42863DEF5}.Ad-Hoc|iPhone.ActiveCfg = Release|Any CPU
		{1D565DEB-6888-45D9-9AB1-F5B42863DEF5}.Ad-Hoc|iPhone.Build.0 = Release|Any CPU
		{1D565DEB-6888-45D9-9AB1-F5B42863DEF5}.Ad-Hoc|iPhoneSimulator.ActiveCfg = Release|Any CPU
		{1D565DEB-6888-45D9-9AB1-F5B42863DEF5}.Ad-Hoc|iPhoneSimulator.Build.0 = Release|Any CPU
		{1D565DEB-6888-45D9-9AB1-F5B42863DEF5}.Ad-Hoc|x64.ActiveCfg = Release|Any CPU
		{1D565DEB-6888-45D9-9AB1-F5B42863DEF5}.Ad-Hoc|x64.Build.0 = Release|Any CPU
		{1D565DEB-6888-45D9-9AB1-F5B42863DEF5}.Ad-Hoc|x86.ActiveCfg = Release|Any CPU
		{1D565DEB-6888-45D9-9AB1-F5B42863DEF5}.Ad-Hoc|x86.Build.0 = Release|Any CPU
		{1D565DEB-6888-45D9-9AB1-F5B42863DEF5}.AppStore|Any CPU.ActiveCfg = Release|Any CPU
		{1D565DEB-6888-45D9-9AB1-F5B42863DEF5}.AppStore|Any CPU.Build.0 = Release|Any CPU
		{1D565DEB-6888-45D9-9AB1-F5B42863DEF5}.AppStore|ARM.ActiveCfg = Release|Any CPU
		{1D565DEB-6888-45D9-9AB1-F5B42863DEF5}.AppStore|ARM.Build.0 = Release|Any CPU
		{1D565DEB-6888-45D9-9AB1-F5B42863DEF5}.AppStore|iPhone.ActiveCfg = Release|Any CPU
		{1D565DEB-6888-45D9-9AB1-F5B42863DEF5}.AppStore|iPhone.Build.0 = Release|Any CPU
		{1D565DEB-6888-45D9-9AB1-F5B42863DEF5}.AppStore|iPhoneSimulator.ActiveCfg = Release|Any CPU
		{1D565DEB-6888-45D9-9AB1-F5B42863DEF5}.AppStore|iPhoneSimulator.Build.0 = Release|Any CPU
		{1D565DEB-6888-45D9-9AB1-F5B42863DEF5}.AppStore|x64.ActiveCfg = Release|Any CPU
		{1D565DEB-6888-45D9-9AB1-F5B42863DEF5}.AppStore|x64.Build.0 = Release|Any CPU
		{1D565DEB-6888-45D9-9AB1-F5B42863DEF5}.AppStore|x86.ActiveCfg = Release|Any CPU
		{1D565DEB-6888-45D9-9AB1-F5B42863DEF5}.AppStore|x86.Build.0 = Release|Any CPU
		{1D565DEB-6888-45D9-9AB1-F5B42863DEF5}.Debug|Any CPU.ActiveCfg = Debug|Any CPU
		{1D565DEB-6888-45D9-9AB1-F5B42863DEF5}.Debug|Any CPU.Build.0 = Debug|Any CPU
		{1D565DEB-6888-45D9-9AB1-F5B42863DEF5}.Debug|ARM.ActiveCfg = Debug|Any CPU
		{1D565DEB-6888-45D9-9AB1-F5B42863DEF5}.Debug|ARM.Build.0 = Debug|Any CPU
		{1D565DEB-6888-45D9-9AB1-F5B42863DEF5}.Debug|iPhone.ActiveCfg = Debug|Any CPU
		{1D565DEB-6888-45D9-9AB1-F5B42863DEF5}.Debug|iPhone.Build.0 = Debug|Any CPU
		{1D565DEB-6888-45D9-9AB1-F5B42863DEF5}.Debug|iPhoneSimulator.ActiveCfg = Debug|Any CPU
		{1D565DEB-6888-45D9-9AB1-F5B42863DEF5}.Debug|iPhoneSimulator.Build.0 = Debug|Any CPU
		{1D565DEB-6888-45D9-9AB1-F5B42863DEF5}.Debug|x64.ActiveCfg = Debug|Any CPU
		{1D565DEB-6888-45D9-9AB1-F5B42863DEF5}.Debug|x64.Build.0 = Debug|Any CPU
		{1D565DEB-6888-45D9-9AB1-F5B42863DEF5}.Debug|x86.ActiveCfg = Debug|Any CPU
		{1D565DEB-6888-45D9-9AB1-F5B42863DEF5}.Debug|x86.Build.0 = Debug|Any CPU
		{1D565DEB-6888-45D9-9AB1-F5B42863DEF5}.Release|Any CPU.ActiveCfg = Release|Any CPU
		{1D565DEB-6888-45D9-9AB1-F5B42863DEF5}.Release|Any CPU.Build.0 = Release|Any CPU
		{1D565DEB-6888-45D9-9AB1-F5B42863DEF5}.Release|ARM.ActiveCfg = Release|Any CPU
		{1D565DEB-6888-45D9-9AB1-F5B42863DEF5}.Release|ARM.Build.0 = Release|Any CPU
		{1D565DEB-6888-45D9-9AB1-F5B42863DEF5}.Release|iPhone.ActiveCfg = Release|Any CPU
		{1D565DEB-6888-45D9-9AB1-F5B42863DEF5}.Release|iPhone.Build.0 = Release|Any CPU
		{1D565DEB-6888-45D9-9AB1-F5B42863DEF5}.Release|iPhoneSimulator.ActiveCfg = Release|Any CPU
		{1D565DEB-6888-45D9-9AB1-F5B42863DEF5}.Release|iPhoneSimulator.Build.0 = Release|Any CPU
		{1D565DEB-6888-45D9-9AB1-F5B42863DEF5}.Release|x64.ActiveCfg = Release|Any CPU
		{1D565DEB-6888-45D9-9AB1-F5B42863DEF5}.Release|x64.Build.0 = Release|Any CPU
		{1D565DEB-6888-45D9-9AB1-F5B42863DEF5}.Release|x86.ActiveCfg = Release|Any CPU
		{1D565DEB-6888-45D9-9AB1-F5B42863DEF5}.Release|x86.Build.0 = Release|Any CPU
		{236E8C1E-7C46-4FEB-B108-F59096846BBF}.Ad-Hoc|Any CPU.ActiveCfg = Release|Any CPU
		{236E8C1E-7C46-4FEB-B108-F59096846BBF}.Ad-Hoc|Any CPU.Build.0 = Release|Any CPU
		{236E8C1E-7C46-4FEB-B108-F59096846BBF}.Ad-Hoc|ARM.ActiveCfg = Release|Any CPU
		{236E8C1E-7C46-4FEB-B108-F59096846BBF}.Ad-Hoc|ARM.Build.0 = Release|Any CPU
		{236E8C1E-7C46-4FEB-B108-F59096846BBF}.Ad-Hoc|iPhone.ActiveCfg = Release|Any CPU
		{236E8C1E-7C46-4FEB-B108-F59096846BBF}.Ad-Hoc|iPhone.Build.0 = Release|Any CPU
		{236E8C1E-7C46-4FEB-B108-F59096846BBF}.Ad-Hoc|iPhoneSimulator.ActiveCfg = Release|Any CPU
		{236E8C1E-7C46-4FEB-B108-F59096846BBF}.Ad-Hoc|iPhoneSimulator.Build.0 = Release|Any CPU
		{236E8C1E-7C46-4FEB-B108-F59096846BBF}.Ad-Hoc|x64.ActiveCfg = Release|Any CPU
		{236E8C1E-7C46-4FEB-B108-F59096846BBF}.Ad-Hoc|x64.Build.0 = Release|Any CPU
		{236E8C1E-7C46-4FEB-B108-F59096846BBF}.Ad-Hoc|x86.ActiveCfg = Release|Any CPU
		{236E8C1E-7C46-4FEB-B108-F59096846BBF}.Ad-Hoc|x86.Build.0 = Release|Any CPU
		{236E8C1E-7C46-4FEB-B108-F59096846BBF}.AppStore|Any CPU.ActiveCfg = Release|Any CPU
		{236E8C1E-7C46-4FEB-B108-F59096846BBF}.AppStore|Any CPU.Build.0 = Release|Any CPU
		{236E8C1E-7C46-4FEB-B108-F59096846BBF}.AppStore|ARM.ActiveCfg = Release|Any CPU
		{236E8C1E-7C46-4FEB-B108-F59096846BBF}.AppStore|ARM.Build.0 = Release|Any CPU
		{236E8C1E-7C46-4FEB-B108-F59096846BBF}.AppStore|iPhone.ActiveCfg = Release|Any CPU
		{236E8C1E-7C46-4FEB-B108-F59096846BBF}.AppStore|iPhone.Build.0 = Release|Any CPU
		{236E8C1E-7C46-4FEB-B108-F59096846BBF}.AppStore|iPhoneSimulator.ActiveCfg = Release|Any CPU
		{236E8C1E-7C46-4FEB-B108-F59096846BBF}.AppStore|iPhoneSimulator.Build.0 = Release|Any CPU
		{236E8C1E-7C46-4FEB-B108-F59096846BBF}.AppStore|x64.ActiveCfg = Release|Any CPU
		{236E8C1E-7C46-4FEB-B108-F59096846BBF}.AppStore|x64.Build.0 = Release|Any CPU
		{236E8C1E-7C46-4FEB-B108-F59096846BBF}.AppStore|x86.ActiveCfg = Release|Any CPU
		{236E8C1E-7C46-4FEB-B108-F59096846BBF}.AppStore|x86.Build.0 = Release|Any CPU
		{236E8C1E-7C46-4FEB-B108-F59096846BBF}.Debug|Any CPU.ActiveCfg = Debug|Any CPU
		{236E8C1E-7C46-4FEB-B108-F59096846BBF}.Debug|Any CPU.Build.0 = Debug|Any CPU
		{236E8C1E-7C46-4FEB-B108-F59096846BBF}.Debug|ARM.ActiveCfg = Debug|Any CPU
		{236E8C1E-7C46-4FEB-B108-F59096846BBF}.Debug|ARM.Build.0 = Debug|Any CPU
		{236E8C1E-7C46-4FEB-B108-F59096846BBF}.Debug|iPhone.ActiveCfg = Debug|Any CPU
		{236E8C1E-7C46-4FEB-B108-F59096846BBF}.Debug|iPhone.Build.0 = Debug|Any CPU
		{236E8C1E-7C46-4FEB-B108-F59096846BBF}.Debug|iPhoneSimulator.ActiveCfg = Debug|Any CPU
		{236E8C1E-7C46-4FEB-B108-F59096846BBF}.Debug|iPhoneSimulator.Build.0 = Debug|Any CPU
		{236E8C1E-7C46-4FEB-B108-F59096846BBF}.Debug|x64.ActiveCfg = Debug|Any CPU
		{236E8C1E-7C46-4FEB-B108-F59096846BBF}.Debug|x64.Build.0 = Debug|Any CPU
		{236E8C1E-7C46-4FEB-B108-F59096846BBF}.Debug|x86.ActiveCfg = Debug|Any CPU
		{236E8C1E-7C46-4FEB-B108-F59096846BBF}.Debug|x86.Build.0 = Debug|Any CPU
		{236E8C1E-7C46-4FEB-B108-F59096846BBF}.Release|Any CPU.ActiveCfg = Release|Any CPU
		{236E8C1E-7C46-4FEB-B108-F59096846BBF}.Release|Any CPU.Build.0 = Release|Any CPU
		{236E8C1E-7C46-4FEB-B108-F59096846BBF}.Release|ARM.ActiveCfg = Release|Any CPU
		{236E8C1E-7C46-4FEB-B108-F59096846BBF}.Release|ARM.Build.0 = Release|Any CPU
		{236E8C1E-7C46-4FEB-B108-F59096846BBF}.Release|iPhone.ActiveCfg = Release|Any CPU
		{236E8C1E-7C46-4FEB-B108-F59096846BBF}.Release|iPhone.Build.0 = Release|Any CPU
		{236E8C1E-7C46-4FEB-B108-F59096846BBF}.Release|iPhoneSimulator.ActiveCfg = Release|Any CPU
		{236E8C1E-7C46-4FEB-B108-F59096846BBF}.Release|iPhoneSimulator.Build.0 = Release|Any CPU
		{236E8C1E-7C46-4FEB-B108-F59096846BBF}.Release|x64.ActiveCfg = Release|Any CPU
		{236E8C1E-7C46-4FEB-B108-F59096846BBF}.Release|x64.Build.0 = Release|Any CPU
		{236E8C1E-7C46-4FEB-B108-F59096846BBF}.Release|x86.ActiveCfg = Release|Any CPU
		{236E8C1E-7C46-4FEB-B108-F59096846BBF}.Release|x86.Build.0 = Release|Any CPU
		{92A40448-8232-4748-BDD0-3F2425489859}.Ad-Hoc|Any CPU.ActiveCfg = Release|Any CPU
		{92A40448-8232-4748-BDD0-3F2425489859}.Ad-Hoc|Any CPU.Build.0 = Release|Any CPU
		{92A40448-8232-4748-BDD0-3F2425489859}.Ad-Hoc|ARM.ActiveCfg = Release|Any CPU
		{92A40448-8232-4748-BDD0-3F2425489859}.Ad-Hoc|ARM.Build.0 = Release|Any CPU
		{92A40448-8232-4748-BDD0-3F2425489859}.Ad-Hoc|iPhone.ActiveCfg = Release|Any CPU
		{92A40448-8232-4748-BDD0-3F2425489859}.Ad-Hoc|iPhone.Build.0 = Release|Any CPU
		{92A40448-8232-4748-BDD0-3F2425489859}.Ad-Hoc|iPhoneSimulator.ActiveCfg = Release|Any CPU
		{92A40448-8232-4748-BDD0-3F2425489859}.Ad-Hoc|iPhoneSimulator.Build.0 = Release|Any CPU
		{92A40448-8232-4748-BDD0-3F2425489859}.Ad-Hoc|x64.ActiveCfg = Release|Any CPU
		{92A40448-8232-4748-BDD0-3F2425489859}.Ad-Hoc|x64.Build.0 = Release|Any CPU
		{92A40448-8232-4748-BDD0-3F2425489859}.Ad-Hoc|x86.ActiveCfg = Release|Any CPU
		{92A40448-8232-4748-BDD0-3F2425489859}.Ad-Hoc|x86.Build.0 = Release|Any CPU
		{92A40448-8232-4748-BDD0-3F2425489859}.AppStore|Any CPU.ActiveCfg = Release|Any CPU
		{92A40448-8232-4748-BDD0-3F2425489859}.AppStore|Any CPU.Build.0 = Release|Any CPU
		{92A40448-8232-4748-BDD0-3F2425489859}.AppStore|ARM.ActiveCfg = Release|Any CPU
		{92A40448-8232-4748-BDD0-3F2425489859}.AppStore|ARM.Build.0 = Release|Any CPU
		{92A40448-8232-4748-BDD0-3F2425489859}.AppStore|iPhone.ActiveCfg = Release|Any CPU
		{92A40448-8232-4748-BDD0-3F2425489859}.AppStore|iPhone.Build.0 = Release|Any CPU
		{92A40448-8232-4748-BDD0-3F2425489859}.AppStore|iPhoneSimulator.ActiveCfg = Release|Any CPU
		{92A40448-8232-4748-BDD0-3F2425489859}.AppStore|iPhoneSimulator.Build.0 = Release|Any CPU
		{92A40448-8232-4748-BDD0-3F2425489859}.AppStore|x64.ActiveCfg = Release|Any CPU
		{92A40448-8232-4748-BDD0-3F2425489859}.AppStore|x64.Build.0 = Release|Any CPU
		{92A40448-8232-4748-BDD0-3F2425489859}.AppStore|x86.ActiveCfg = Release|Any CPU
		{92A40448-8232-4748-BDD0-3F2425489859}.AppStore|x86.Build.0 = Release|Any CPU
		{92A40448-8232-4748-BDD0-3F2425489859}.Debug|Any CPU.ActiveCfg = Debug|Any CPU
		{92A40448-8232-4748-BDD0-3F2425489859}.Debug|Any CPU.Build.0 = Debug|Any CPU
		{92A40448-8232-4748-BDD0-3F2425489859}.Debug|ARM.ActiveCfg = Debug|Any CPU
		{92A40448-8232-4748-BDD0-3F2425489859}.Debug|ARM.Build.0 = Debug|Any CPU
		{92A40448-8232-4748-BDD0-3F2425489859}.Debug|iPhone.ActiveCfg = Debug|Any CPU
		{92A40448-8232-4748-BDD0-3F2425489859}.Debug|iPhone.Build.0 = Debug|Any CPU
		{92A40448-8232-4748-BDD0-3F2425489859}.Debug|iPhoneSimulator.ActiveCfg = Debug|Any CPU
		{92A40448-8232-4748-BDD0-3F2425489859}.Debug|iPhoneSimulator.Build.0 = Debug|Any CPU
		{92A40448-8232-4748-BDD0-3F2425489859}.Debug|x64.ActiveCfg = Debug|Any CPU
		{92A40448-8232-4748-BDD0-3F2425489859}.Debug|x64.Build.0 = Debug|Any CPU
		{92A40448-8232-4748-BDD0-3F2425489859}.Debug|x86.ActiveCfg = Debug|Any CPU
		{92A40448-8232-4748-BDD0-3F2425489859}.Debug|x86.Build.0 = Debug|Any CPU
		{92A40448-8232-4748-BDD0-3F2425489859}.Release|Any CPU.ActiveCfg = Release|Any CPU
		{92A40448-8232-4748-BDD0-3F2425489859}.Release|Any CPU.Build.0 = Release|Any CPU
		{92A40448-8232-4748-BDD0-3F2425489859}.Release|ARM.ActiveCfg = Release|Any CPU
		{92A40448-8232-4748-BDD0-3F2425489859}.Release|ARM.Build.0 = Release|Any CPU
		{92A40448-8232-4748-BDD0-3F2425489859}.Release|iPhone.ActiveCfg = Release|Any CPU
		{92A40448-8232-4748-BDD0-3F2425489859}.Release|iPhone.Build.0 = Release|Any CPU
		{92A40448-8232-4748-BDD0-3F2425489859}.Release|iPhoneSimulator.ActiveCfg = Release|Any CPU
		{92A40448-8232-4748-BDD0-3F2425489859}.Release|iPhoneSimulator.Build.0 = Release|Any CPU
		{92A40448-8232-4748-BDD0-3F2425489859}.Release|x64.ActiveCfg = Release|Any CPU
		{92A40448-8232-4748-BDD0-3F2425489859}.Release|x64.Build.0 = Release|Any CPU
		{92A40448-8232-4748-BDD0-3F2425489859}.Release|x86.ActiveCfg = Release|Any CPU
		{92A40448-8232-4748-BDD0-3F2425489859}.Release|x86.Build.0 = Release|Any CPU
	EndGlobalSection
	GlobalSection(SolutionProperties) = preSolution
		HideSolutionNode = FALSE
	EndGlobalSection
	GlobalSection(ExtensibilityGlobals) = postSolution
		SolutionGuid = {52D61BF4-D62A-48AE-8A9D-20A9B151217A}
	EndGlobalSection
EndGlobal
